# THIS IS AN AUTOGENERATED FILE. DO NOT EDIT THIS FILE DIRECTLY.
# yarn lockfile v1


create-next-app@^9.0.6:
  version "9.0.6"
  resolved "https://registry.yarnpkg.com/create-next-app/-/create-next-app-9.0.6.tgz#fe988194e1e54174f9b6a619514bae000d674bd2"
  integrity sha512-TDVRM35K0T1U+OdpkaaWrlhPfIEiwSZ3wiFJ7b2UwSaGUSom1vOtwOJqV6dNIgFlL+GP5YOiOEyZGrBSNlAyLQ==
